
Microsoft Visual Studio Solution File, Format Version 12.00
# Visual Studio 15
VisualStudioVersion = 15.0.27703.2018
MinimumVisualStudioVersion = 10.0.40219.1
Project("{FAE04EC0-301F-11D3-BF4B-00C04F79EFBC}") = "wj.DataBinding", "wj.DataBinding\wj.DataBinding.csproj", "{8CB13916-B85C-44D0-859A-F89D09EC3305}"
EndProject
Project("{FAE04EC0-301F-11D3-BF4B-00C04F79EFBC}") = "wj.DataBinding.NUnitTests", "wj.DataBinding.NUnitTests\wj.DataBinding.NUnitTests.csproj", "{8EDF4429-251A-416D-BB68-93F227191BCF}"
EndProject
Global
	GlobalSection(SolutionConfigurationPlatforms) = preSolution
		Debug|Any CPU = Debug|Any CPU
		Release|Any CPU = Release|Any CPU
	EndGlobalSection
	GlobalSection(ProjectConfigurationPlatforms) = postSolution
		{8CB13916-B85C-44D0-859A-F89D09EC3305}.Debug|Any CPU.ActiveCfg = Debug|Any CPU
		{8CB13916-B85C-44D0-859A-F89D09EC3305}.Debug|Any CPU.Build.0 = Debug|Any CPU
		{8CB13916-B85C-44D0-859A-F89D09EC3305}.Release|Any CPU.ActiveCfg = Release|Any CPU
		{8CB13916-B85C-44D0-859A-F89D09EC3305}.Release|Any CPU.Build.0 = Release|Any CPU
		{8EDF4429-251A-416D-BB68-93F227191BCF}.Debug|Any CPU.ActiveCfg = Debug|Any CPU
		{8EDF4429-251A-416D-BB68-93F227191BCF}.Debug|Any CPU.Build.0 = Debug|Any CPU
		{8EDF4429-251A-416D-BB68-93F227191BCF}.Release|Any CPU.ActiveCfg = Release|Any CPU
		{8EDF4429-251A-416D-BB68-93F227191BCF}.Release|Any CPU.Build.0 = Release|Any CPU
	EndGlobalSection
	GlobalSection(SolutionProperties) = preSolution
		HideSolutionNode = FALSE
	EndGlobalSection
	GlobalSection(ExtensibilityGlobals) = postSolution
		SolutionGuid = {CFA6E1A8-FA43-473D-B890-DCD6952F72B2}
	EndGlobalSection
EndGlobal
